
Microsoft Visual Studio Solution File, Format Version 12.00
# Visual Studio 15
VisualStudioVersion = 15.0.27428.2037
MinimumVisualStudioVersion = 10.0.40219.1
Project("{FAE04EC0-301F-11D3-BF4B-00C04F79EFBC}") = "SatManager", "WebSocketS\SatManager.csproj", "{C99CCA99-0523-4EAB-8D3E-FDF1D66686B9}"
EndProject
Global
	GlobalSection(SolutionConfigurationPlatforms) = preSolution
		Debug|Any CPU = Debug|Any CPU
		Release|Any CPU = Release|Any CPU
	EndGlobalSection
	GlobalSection(ProjectConfigurationPlatforms) = postSolution
		{C99CCA99-0523-4EAB-8D3E-FDF1D66686B9}.Debug|Any CPU.ActiveCfg = Debug|Any CPU
		{C99CCA99-0523-4EAB-8D3E-FDF1D66686B9}.Debug|Any CPU.Build.0 = Debug|Any CPU
		{C99CCA99-0523-4EAB-8D3E-FDF1D66686B9}.Release|Any CPU.ActiveCfg = Release|Any CPU
		{C99CCA99-0523-4EAB-8D3E-FDF1D66686B9}.Release|Any CPU.Build.0 = Release|Any CPU
	EndGlobalSection
	GlobalSection(SolutionProperties) = preSolution
		HideSolutionNode = FALSE
	EndGlobalSection
	GlobalSection(ExtensibilityGlobals) = postSolution
		SolutionGuid = {4575A8AE-13D3-475B-8745-3A0CB12B1E89}
	EndGlobalSection
EndGlobal
